Microsoft Visual Studio Solution File, Format Version 12.00
# Visual Studio Version 17
VisualStudioVersion = 17.5.2.0
MinimumVisualStudioVersion = 10.0.40219.1
Project("{FAE04EC0-301F-11D3-BF4B-00C04F79EFBC}") = "BullsAndCows", "BullsAndCows.csproj", "{8F24C076-55F1-BB71-49FD-D28E8F0103AA}"
EndProject
Global
	GlobalSection(SolutionConfigurationPlatforms) = preSolution
		Debug|Any CPU = Debug|Any CPU
		Release|Any CPU = Release|Any CPU
	EndGlobalSection
	GlobalSection(ProjectConfigurationPlatforms) = postSolution
		{8F24C076-55F1-BB71-49FD-D28E8F0103AA}.Debug|Any CPU.ActiveCfg = Debug|Any CPU
		{8F24C076-55F1-BB71-49FD-D28E8F0103AA}.Debug|Any CPU.Build.0 = Debug|Any CPU
		{8F24C076-55F1-BB71-49FD-D28E8F0103AA}.Release|Any CPU.ActiveCfg = Release|Any CPU
		{8F24C076-55F1-BB71-49FD-D28E8F0103AA}.Release|Any CPU.Build.0 = Release|Any CPU
	EndGlobalSection
	GlobalSection(SolutionProperties) = preSolution
		HideSolutionNode = FALSE
	EndGlobalSection
	GlobalSection(ExtensibilityGlobals) = postSolution
		SolutionGuid = {FE84632E-90EA-40C6-A410-A0906C3BB6CE}
	EndGlobalSection
EndGlobal
